
Microsoft Visual Studio Solution File, Format Version 12.00
# Visual Studio 2015
Project("{FAE04EC0-301F-11D3-BF4B-00C04F79EFBC}") = "prototype3.CSharp", "prototype3.CSharp.csproj", "{A75F4EAC-E002-0E3D-C5A4-09861C168654}"
EndProject
Project("{FAE04EC0-301F-11D3-BF4B-00C04F79EFBC}") = "prototype3.CSharp.Editor", "prototype3.CSharp.Editor.csproj", "{BE3503FC-6215-7F20-570A-AA2C06F43862}"
EndProject
Global
	GlobalSection(SolutionConfigurationPlatforms) = preSolution
		Debug|Any CPU = Debug|Any CPU
		Release|Any CPU = Release|Any CPU
	EndGlobalSection
	GlobalSection(ProjectConfigurationPlatforms) = postSolution
		{A75F4EAC-E002-0E3D-C5A4-09861C168654}.Debug|Any CPU.ActiveCfg = Debug|Any CPU
		{A75F4EAC-E002-0E3D-C5A4-09861C168654}.Debug|Any CPU.Build.0 = Debug|Any CPU
		{A75F4EAC-E002-0E3D-C5A4-09861C168654}.Release|Any CPU.ActiveCfg = Release|Any CPU
		{A75F4EAC-E002-0E3D-C5A4-09861C168654}.Release|Any CPU.Build.0 = Release|Any CPU
		{BE3503FC-6215-7F20-570A-AA2C06F43862}.Debug|Any CPU.ActiveCfg = Debug|Any CPU
		{BE3503FC-6215-7F20-570A-AA2C06F43862}.Debug|Any CPU.Build.0 = Debug|Any CPU
		{BE3503FC-6215-7F20-570A-AA2C06F43862}.Release|Any CPU.ActiveCfg = Release|Any CPU
		{BE3503FC-6215-7F20-570A-AA2C06F43862}.Release|Any CPU.Build.0 = Release|Any CPU
	EndGlobalSection
	GlobalSection(SolutionProperties) = preSolution
		HideSolutionNode = FALSE
	EndGlobalSection
EndGlobal
